
Microsoft Visual Studio Solution File, Format Version 12.00
# Visual Studio 15
VisualStudioVersion = 15.0.28307.902
MinimumVisualStudioVersion = 10.0.40219.1
Project("{FAE04EC0-301F-11D3-BF4B-00C04F79EFBC}") = "Bullseye", "Bullseye\Bullseye.csproj", "{F6456EA5-FF18-4ED1-B3D8-CA0E477A3BDB}"
EndProject
Global
	GlobalSection(SolutionConfigurationPlatforms) = preSolution
		Debug|Any CPU = Debug|Any CPU
		Release|Any CPU = Release|Any CPU
	EndGlobalSection
	GlobalSection(ProjectConfigurationPlatforms) = postSolution
		{F6456EA5-FF18-4ED1-B3D8-CA0E477A3BDB}.Debug|Any CPU.ActiveCfg = Debug|Any CPU
		{F6456EA5-FF18-4ED1-B3D8-CA0E477A3BDB}.Debug|Any CPU.Build.0 = Debug|Any CPU
		{F6456EA5-FF18-4ED1-B3D8-CA0E477A3BDB}.Release|Any CPU.ActiveCfg = Release|Any CPU
		{F6456EA5-FF18-4ED1-B3D8-CA0E477A3BDB}.Release|Any CPU.Build.0 = Release|Any CPU
	EndGlobalSection
	GlobalSection(SolutionProperties) = preSolution
		HideSolutionNode = FALSE
	EndGlobalSection
	GlobalSection(ExtensibilityGlobals) = postSolution
		SolutionGuid = {A0C0E5E6-F937-49D6-A2D5-00371BABF5D4}
	EndGlobalSection
EndGlobal
